github.com/davecgh/go-spew v1.1.1 h1:vj9j/u1bqnvCEfJOwUhtlOARqs3+rkHYY13jYWTU97c=
github.com/davecgh/go-spew v1.1.1/go.mod h1:J7Y8YcW2NihsgmVo/mv3lAwl/skON4iLHjSsI+c5H38=
github.com/google/uuid v1.6.0 h1:NIvaJDMOsjHA8n1jAhLSgzrAzy1Hgr+hNrb57e+94F0=
github.com/google/uuid v1.6.0/go.mod h1:TIyPZe4MgqvfeYDBFedMoGGpEw/LqOeaOT+nhxU+yHo=
github.com/machinebox/graphql v0.2.2 h1:dWKpJligYKhYKO5A2gvNhkJdQMNZeChZYyBbrZkBZfo=
github.com/machinebox/graphql v0.2.2/go.mod h1:F+kbVMHuwrQ5tYgU9JXlnskM8nOaFxCAEolaQybkjWA=
github.com/mark3labs/mcp-go v0.8.5 h1:s5oRwQfs83Jim3ZAcQMyUQNHzCEVIuGD12GV8vhJqqc=
github.com/mark3labs/mcp-go v0.8.5/go.mod h1:cjMlBU0cv/cj9kjlgmRhoJ5JREdS7YX83xeIG9Ko/jE=
github.com/pkg/errors v0.9.1 h1:FEBLx1zS214owpjy7qsBeixbURkuhQAwrK5UwLGTwt4=
github.com/pkg/errors v0.9.1/go.mod h1:bwawxfHBFNV+L2hUp1rHADufV3IMtnDRdf1r5NINEl0=
github.com/pmezard/go-difflib v1.0.0 h1:4DBwDE0NGyQoBHbLQYPwSUPoCMWR5BEzIk/f1lZbAQM=
github.com/pmezard/go-difflib v1.0.0/go.mod h1:iKH77koFhYxTK1pcRnkKkqfTogsbg7gZNVY4sRDYZ/4=
github.com/stretchr/testify v1.9.0 h1:HtqpIVDClZ4nwg75+f6Lvsy/wHu+3BoSGCbBAcpTsTg=
github.com/stretchr/testify v1.9.0/go.mod h1:r2ic/lqez/lEtzL7wO/rwa5dbSLXVDPFyf8C91i36aY=
github.com/wricardo/graphql v0.0.0-20250302123431-0ed3bfb3ac62 h1:iEEozuDYPq/KG145eIfHndzssqp3zX6NOSQv/K8FaXY=
github.com/wricardo/graphql v0.0.0-20250302123431-0ed3bfb3ac62/go.mod h1:FaJoJ7dJ3igs+rzAE6dQTpnT22JI05dIvaLtImJ4y3c=
github.com/wricardo/graphql v0.0.0-20250303003130-bdccf01e3510 h1:9XOzZF1gf579h10cxq4PJePQwRMZgPMD8gsVBm4D9Zw=
github.com/wricardo/graphql v0.0.0-20250303003130-bdccf01e3510/go.mod h1:FaJoJ7dJ3igs+rzAE6dQTpnT22JI05dIvaLtImJ4y3c=
github.com/wricardo/graphql v0.0.0-20250303011124-9034d4c31741 h1:TDmg1T2J1HqAIwWjfPdwliU84YfPRo5jjXnsDltS3A4=
github.com/wricardo/graphql v0.0.0-20250303011124-9034d4c31741/go.mod h1:FaJoJ7dJ3igs+rzAE6dQTpnT22JI05dIvaLtImJ4y3c=
github.com/wricardo/graphql v0.0.0-20250303012715-a2833aa153d3 h1:zPO7x7g7N+RlDK1r3ZxvS+9GHSWUXGLsXImuUztwT1g=
github.com/wricardo/graphql v0.0.0-20250303012715-a2833aa153d3/go.mod h1:FaJoJ7dJ3igs+rzAE6dQTpnT22JI05dIvaLtImJ4y3c=
gopkg.in/yaml.v3 v3.0.1 h1:fxVm/GzAzEWqLHuvctI91KS9hhNmmWOoWu0XTYJS7CA=
gopkg.in/yaml.v3 v3.0.1/go.mod h1:K4uyk7z7BCEPqu6E+C64Yfv1cQ7kz7rIZviUmN+EgEM=
